{
  "name": "luxprog",
  "version": "1.0.0",
  "lockfileVersion": 2,
  "requires": true,
  "packages": {
    "": {
      "name": "luxprog",
      "version": "1.0.0",
      "license": "ISC",
      "dependencies": {
        "@loupeteam/luxprog": "^0.2.1",
        "@loupeteam/starterasproject49": "^1.0.0"
      }
    },
    "node_modules/@loupeteam/databuffer": {
      "version": "0.1.1",
      "resolved": "https://npm.pkg.github.com/download/@loupeteam/databuffer/0.1.1/8d40808bb2de89899da090259e12f2ea1ff818bb",
      "integrity": "sha512-xn6HlzBXW0jRgXeRJx66rT154OPomvfGhsFtLsQqV4oPpWURZ4WPoM1uOf7tgmVzfZk4CSpsh16whowVBpJDQg==",
      "license": "MIT"
    },
    "node_modules/@loupeteam/hammers": {
      "version": "0.10.0",
      "resolved": "https://npm.pkg.github.com/download/@loupeteam/hammers/0.10.0/3d5f92c83690b9a582e9253665fdd15f756b3245",
      "integrity": "sha512-Y9s1odM5BW7xnDJiFZ6tB8moIp8SmRtrmi0DXgT/cbio/U+SY06QDp9ULplXRfQuSNc7rRJt8SnRoJPGmn94WA==",
      "license": "MIT"
    },
    "node_modules/@loupeteam/luxprog": {
      "version": "0.2.1",
      "resolved": "https://npm.pkg.github.com/download/@loupeteam/luxprog/0.2.1/9b7fc26c35258ad1c1f22b760c50f40e4115d056",
      "integrity": "sha512-ibbDmnX8bBxxvUBwpYuoqE+AL5ryGzoL6HWgCFjMea3HVbr1lKKxMxaB0pXfw2djzIZvi7iKkIN11zY3Su/5/w==",
      "license": "MIT",
      "dependencies": {
        "@loupeteam/hammers": "^0.10.0",
        "@loupeteam/omjson": "^1.4.0"
      }
    },
    "node_modules/@loupeteam/omjson": {
      "version": "1.4.2",
      "resolved": "https://npm.pkg.github.com/download/@loupeteam/omjson/1.4.2/d367c55bdf7c098abb9838d7d1f98eae5048764d",
      "integrity": "sha512-5dOU7RERV76uyFe9Fl7M9U5Gs6BsmiZ2nDg8F4FfFP4l+tXPoBcN7RHg1riRHpB901gy6qi7VJipuamiC9fxNw==",
      "license": "MIT",
      "dependencies": {
        "@loupeteam/databuffer": ">=0.1.0 <=0.1.9",
        "@loupeteam/stringext": ">=0.14.0 <=0.15.9",
        "@loupeteam/tcpcomm": ">=0.10.0 <=0.10.9",
        "@loupeteam/vartools": ">=0.9.1 <=0.11.9",
        "@loupeteam/websocket": "*"
      }
    },
    "node_modules/@loupeteam/starterasproject49": {
      "version": "1.0.0",
      "resolved": "https://npm.pkg.github.com/download/@loupeteam/starterasproject49/1.0.0/d29245ab5481fc88f03bdf01dab95fefc7bb0a47",
      "integrity": "sha512-lwHRfx30DMxxvliXhuay4ZpgzoSQ8sUF/coBSMmXMVjlTSXft0MQYlptM5AWC3M1NAp3YjUiJ6VjYk0I/ewKJA==",
      "license": "MIT"
    },
    "node_modules/@loupeteam/stringext": {
      "version": "0.15.0",
      "resolved": "https://npm.pkg.github.com/download/@loupeteam/stringext/0.15.0/177b6a2cc95c4cb388f18201de13ff0f5364059b",
      "integrity": "sha512-iW5IYoBlWCTB5wZpgI1B0w415ESll0XCScyzXw9JIloLdwgl3JCkHqR+bMvb2BzKVLkXNq1QCl9koSza3uX2nw==",
      "license": "MIT"
    },
    "node_modules/@loupeteam/tcpcomm": {
      "version": "0.10.0",
      "resolved": "https://npm.pkg.github.com/download/@loupeteam/tcpcomm/0.10.0/38e4ab8cba58b7463701059bde22d905dddd19e4",
      "integrity": "sha512-jhao/10Zyv8nSNpdd5AoghApqj7b8GP8sXjfpS0CL6xXMFOoUR9cUfjxAFd85hce0GaEnIN7h7HN1e3FFiCoJQ==",
      "license": "MIT"
    },
    "node_modules/@loupeteam/vartools": {
      "version": "0.11.4",
      "resolved": "https://npm.pkg.github.com/download/@loupeteam/vartools/0.11.4/ae8ab22823ba7c3d758539c00de85a613a6fe6fa",
      "integrity": "sha512-mQ8MkM27ERFBUb09EUpio36Jjaac68rqHJypJg74QmrkWYteFJWUeHHkkcE6OKTnfxYgUiFf2eqm87M5+o6+Jw==",
      "license": "MIT",
      "dependencies": {
        "@loupeteam/stringext": ">=0.14.0 <=0.15.9"
      }
    },
    "node_modules/@loupeteam/websocket": {
      "version": "0.2.1",
      "resolved": "https://npm.pkg.github.com/download/@loupeteam/websocket/0.2.1/8ce3803181348666a8c3b1fdf7a3472a5e001afc",
      "integrity": "sha512-8IzvxgoB+gUGeJ9iejF/o4g+Od8ZEhdxJ68RWvOjTiKdK53yE2cOlLUxnnm5Us2jcYhRfEAqsgs6NjAD2ptI2g==",
      "license": "MIT",
      "dependencies": {
        "@loupeteam/stringext": ">=0.14.0 <=0.15.9",
        "@loupeteam/tcpcomm": ">=0.10.0 <=0.10.9"
      }
    }
  },
  "dependencies": {
    "@loupeteam/databuffer": {
      "version": "0.1.1",
      "resolved": "https://npm.pkg.github.com/download/@loupeteam/databuffer/0.1.1/8d40808bb2de89899da090259e12f2ea1ff818bb",
      "integrity": "sha512-xn6HlzBXW0jRgXeRJx66rT154OPomvfGhsFtLsQqV4oPpWURZ4WPoM1uOf7tgmVzfZk4CSpsh16whowVBpJDQg=="
    },
    "@loupeteam/hammers": {
      "version": "0.10.0",
      "resolved": "https://npm.pkg.github.com/download/@loupeteam/hammers/0.10.0/3d5f92c83690b9a582e9253665fdd15f756b3245",
      "integrity": "sha512-Y9s1odM5BW7xnDJiFZ6tB8moIp8SmRtrmi0DXgT/cbio/U+SY06QDp9ULplXRfQuSNc7rRJt8SnRoJPGmn94WA=="
    },
    "@loupeteam/luxprog": {
      "version": "0.2.1",
      "resolved": "https://npm.pkg.github.com/download/@loupeteam/luxprog/0.2.1/9b7fc26c35258ad1c1f22b760c50f40e4115d056",
      "integrity": "sha512-ibbDmnX8bBxxvUBwpYuoqE+AL5ryGzoL6HWgCFjMea3HVbr1lKKxMxaB0pXfw2djzIZvi7iKkIN11zY3Su/5/w==",
      "requires": {
        "@loupeteam/hammers": "^0.10.0",
        "@loupeteam/omjson": "^1.4.0"
      }
    },
    "@loupeteam/omjson": {
      "version": "1.4.2",
      "resolved": "https://npm.pkg.github.com/download/@loupeteam/omjson/1.4.2/d367c55bdf7c098abb9838d7d1f98eae5048764d",
      "integrity": "sha512-5dOU7RERV76uyFe9Fl7M9U5Gs6BsmiZ2nDg8F4FfFP4l+tXPoBcN7RHg1riRHpB901gy6qi7VJipuamiC9fxNw==",
      "requires": {
        "@loupeteam/databuffer": ">=0.1.0 <=0.1.9",
        "@loupeteam/stringext": ">=0.14.0 <=0.15.9",
        "@loupeteam/tcpcomm": ">=0.10.0 <=0.10.9",
        "@loupeteam/vartools": ">=0.9.1 <=0.11.9",
        "@loupeteam/websocket": "*"
      }
    },
    "@loupeteam/starterasproject49": {
      "version": "1.0.0",
      "resolved": "https://npm.pkg.github.com/download/@loupeteam/starterasproject49/1.0.0/d29245ab5481fc88f03bdf01dab95fefc7bb0a47",
      "integrity": "sha512-lwHRfx30DMxxvliXhuay4ZpgzoSQ8sUF/coBSMmXMVjlTSXft0MQYlptM5AWC3M1NAp3YjUiJ6VjYk0I/ewKJA=="
    },
    "@loupeteam/stringext": {
      "version": "0.15.0",
      "resolved": "https://npm.pkg.github.com/download/@loupeteam/stringext/0.15.0/177b6a2cc95c4cb388f18201de13ff0f5364059b",
      "integrity": "sha512-iW5IYoBlWCTB5wZpgI1B0w415ESll0XCScyzXw9JIloLdwgl3JCkHqR+bMvb2BzKVLkXNq1QCl9koSza3uX2nw=="
    },
    "@loupeteam/tcpcomm": {
      "version": "0.10.0",
      "resolved": "https://npm.pkg.github.com/download/@loupeteam/tcpcomm/0.10.0/38e4ab8cba58b7463701059bde22d905dddd19e4",
      "integrity": "sha512-jhao/10Zyv8nSNpdd5AoghApqj7b8GP8sXjfpS0CL6xXMFOoUR9cUfjxAFd85hce0GaEnIN7h7HN1e3FFiCoJQ=="
    },
    "@loupeteam/vartools": {
      "version": "0.11.4",
      "resolved": "https://npm.pkg.github.com/download/@loupeteam/vartools/0.11.4/ae8ab22823ba7c3d758539c00de85a613a6fe6fa",
      "integrity": "sha512-mQ8MkM27ERFBUb09EUpio36Jjaac68rqHJypJg74QmrkWYteFJWUeHHkkcE6OKTnfxYgUiFf2eqm87M5+o6+Jw==",
      "requires": {
        "@loupeteam/stringext": ">=0.14.0 <=0.15.9"
      }
    },
    "@loupeteam/websocket": {
      "version": "0.2.1",
      "resolved": "https://npm.pkg.github.com/download/@loupeteam/websocket/0.2.1/8ce3803181348666a8c3b1fdf7a3472a5e001afc",
      "integrity": "sha512-8IzvxgoB+gUGeJ9iejF/o4g+Od8ZEhdxJ68RWvOjTiKdK53yE2cOlLUxnnm5Us2jcYhRfEAqsgs6NjAD2ptI2g==",
      "requires": {
        "@loupeteam/stringext": ">=0.14.0 <=0.15.9",
        "@loupeteam/tcpcomm": ">=0.10.0 <=0.10.9"
      }
    }
  }
}
